
Microsoft Visual Studio Solution File, Format Version 12.00
# Visual Studio Version 17
VisualStudioVersion = 17.13.36105.23 d17.13
MinimumVisualStudioVersion = 10.0.40219.1
Project("{FAE04EC0-301F-11D3-BF4B-00C04F79EFBC}") = "WingtipToys", "WingtipToys\WingtipToys.csproj", "{BDDDBF5E-87C7-424F-BBC3-05233FD20560}"
EndProject
Global
	GlobalSection(SolutionConfigurationPlatforms) = preSolution
		Debug|Any CPU = Debug|Any CPU
		Release|Any CPU = Release|Any CPU
	EndGlobalSection
	GlobalSection(ProjectConfigurationPlatforms) = postSolution
		{BDDDBF5E-87C7-424F-BBC3-05233FD20560}.Debug|Any CPU.ActiveCfg = Debug|Any CPU
		{BDDDBF5E-87C7-424F-BBC3-05233FD20560}.Debug|Any CPU.Build.0 = Debug|Any CPU
		{BDDDBF5E-87C7-424F-BBC3-05233FD20560}.Release|Any CPU.ActiveCfg = Release|Any CPU
		{BDDDBF5E-87C7-424F-BBC3-05233FD20560}.Release|Any CPU.Build.0 = Release|Any CPU
	EndGlobalSection
	GlobalSection(SolutionProperties) = preSolution
		HideSolutionNode = FALSE
	EndGlobalSection
	GlobalSection(ExtensibilityGlobals) = postSolution
		SolutionGuid = {4C2EF345-0F8F-4A8F-BECA-7371C9975666}
	EndGlobalSection
EndGlobal
